
Microsoft Visual Studio Solution File, Format Version 12.00
# Visual Studio Version 17
VisualStudioVersion = 17.0.31903.59
MinimumVisualStudioVersion = 10.0.40219.1
Project("{FAE04EC0-301F-11D3-BF4B-00C04F79EFBC}") = "Data", "Data\Data.csproj", "{3AC7841F-AD8C-4CD7-965D-F5EBCAD336AB}"
EndProject
Project("{FAE04EC0-301F-11D3-BF4B-00C04F79EFBC}") = "Entity", "Entity\Entity.csproj", "{137ABFFD-0616-4A39-BAE3-4A869373017C}"
EndProject
Project("{FAE04EC0-301F-11D3-BF4B-00C04F79EFBC}") = "Business", "Business\Business.csproj", "{10A16004-D70C-4BE5-A344-5FF7271945DE}"
EndProject
Project("{FAE04EC0-301F-11D3-BF4B-00C04F79EFBC}") = "Web1", "Web1\Web1.csproj", "{2638CB55-5943-4411-AD3C-49EAD1B5C28D}"
EndProject
Global
	GlobalSection(SolutionConfigurationPlatforms) = preSolution
		Debug|Any CPU = Debug|Any CPU
		Debug|x64 = Debug|x64
		Debug|x86 = Debug|x86
		Release|Any CPU = Release|Any CPU
		Release|x64 = Release|x64
		Release|x86 = Release|x86
	EndGlobalSection
	GlobalSection(ProjectConfigurationPlatforms) = postSolution
		{3AC7841F-AD8C-4CD7-965D-F5EBCAD336AB}.Debug|Any CPU.ActiveCfg = Debug|Any CPU
		{3AC7841F-AD8C-4CD7-965D-F5EBCAD336AB}.Debug|Any CPU.Build.0 = Debug|Any CPU
		{3AC7841F-AD8C-4CD7-965D-F5EBCAD336AB}.Debug|x64.ActiveCfg = Debug|Any CPU
		{3AC7841F-AD8C-4CD7-965D-F5EBCAD336AB}.Debug|x64.Build.0 = Debug|Any CPU
		{3AC7841F-AD8C-4CD7-965D-F5EBCAD336AB}.Debug|x86.ActiveCfg = Debug|Any CPU
		{3AC7841F-AD8C-4CD7-965D-F5EBCAD336AB}.Debug|x86.Build.0 = Debug|Any CPU
		{3AC7841F-AD8C-4CD7-965D-F5EBCAD336AB}.Release|Any CPU.ActiveCfg = Release|Any CPU
		{3AC7841F-AD8C-4CD7-965D-F5EBCAD336AB}.Release|Any CPU.Build.0 = Release|Any CPU
		{3AC7841F-AD8C-4CD7-965D-F5EBCAD336AB}.Release|x64.ActiveCfg = Release|Any CPU
		{3AC7841F-AD8C-4CD7-965D-F5EBCAD336AB}.Release|x64.Build.0 = Release|Any CPU
		{3AC7841F-AD8C-4CD7-965D-F5EBCAD336AB}.Release|x86.ActiveCfg = Release|Any CPU
		{3AC7841F-AD8C-4CD7-965D-F5EBCAD336AB}.Release|x86.Build.0 = Release|Any CPU
		{137ABFFD-0616-4A39-BAE3-4A869373017C}.Debug|Any CPU.ActiveCfg = Debug|Any CPU
		{137ABFFD-0616-4A39-BAE3-4A869373017C}.Debug|Any CPU.Build.0 = Debug|Any CPU
		{137ABFFD-0616-4A39-BAE3-4A869373017C}.Debug|x64.ActiveCfg = Debug|Any CPU
		{137ABFFD-0616-4A39-BAE3-4A869373017C}.Debug|x64.Build.0 = Debug|Any CPU
		{137ABFFD-0616-4A39-BAE3-4A869373017C}.Debug|x86.ActiveCfg = Debug|Any CPU
		{137ABFFD-0616-4A39-BAE3-4A869373017C}.Debug|x86.Build.0 = Debug|Any CPU
		{137ABFFD-0616-4A39-BAE3-4A869373017C}.Release|Any CPU.ActiveCfg = Release|Any CPU
		{137ABFFD-0616-4A39-BAE3-4A869373017C}.Release|Any CPU.Build.0 = Release|Any CPU
		{137ABFFD-0616-4A39-BAE3-4A869373017C}.Release|x64.ActiveCfg = Release|Any CPU
		{137ABFFD-0616-4A39-BAE3-4A869373017C}.Release|x64.Build.0 = Release|Any CPU
		{137ABFFD-0616-4A39-BAE3-4A869373017C}.Release|x86.ActiveCfg = Release|Any CPU
		{137ABFFD-0616-4A39-BAE3-4A869373017C}.Release|x86.Build.0 = Release|Any CPU
		{10A16004-D70C-4BE5-A344-5FF7271945DE}.Debug|Any CPU.ActiveCfg = Debug|Any CPU
		{10A16004-D70C-4BE5-A344-5FF7271945DE}.Debug|Any CPU.Build.0 = Debug|Any CPU
		{10A16004-D70C-4BE5-A344-5FF7271945DE}.Debug|x64.ActiveCfg = Debug|Any CPU
		{10A16004-D70C-4BE5-A344-5FF7271945DE}.Debug|x64.Build.0 = Debug|Any CPU
		{10A16004-D70C-4BE5-A344-5FF7271945DE}.Debug|x86.ActiveCfg = Debug|Any CPU
		{10A16004-D70C-4BE5-A344-5FF7271945DE}.Debug|x86.Build.0 = Debug|Any CPU
		{10A16004-D70C-4BE5-A344-5FF7271945DE}.Release|Any CPU.ActiveCfg = Release|Any CPU
		{10A16004-D70C-4BE5-A344-5FF7271945DE}.Release|Any CPU.Build.0 = Release|Any CPU
		{10A16004-D70C-4BE5-A344-5FF7271945DE}.Release|x64.ActiveCfg = Release|Any CPU
		{10A16004-D70C-4BE5-A344-5FF7271945DE}.Release|x64.Build.0 = Release|Any CPU
		{10A16004-D70C-4BE5-A344-5FF7271945DE}.Release|x86.ActiveCfg = Release|Any CPU
		{10A16004-D70C-4BE5-A344-5FF7271945DE}.Release|x86.Build.0 = Release|Any CPU
		{2638CB55-5943-4411-AD3C-49EAD1B5C28D}.Debug|Any CPU.ActiveCfg = Debug|Any CPU
		{2638CB55-5943-4411-AD3C-49EAD1B5C28D}.Debug|Any CPU.Build.0 = Debug|Any CPU
		{2638CB55-5943-4411-AD3C-49EAD1B5C28D}.Debug|x64.ActiveCfg = Debug|Any CPU
		{2638CB55-5943-4411-AD3C-49EAD1B5C28D}.Debug|x64.Build.0 = Debug|Any CPU
		{2638CB55-5943-4411-AD3C-49EAD1B5C28D}.Debug|x86.ActiveCfg = Debug|Any CPU
		{2638CB55-5943-4411-AD3C-49EAD1B5C28D}.Debug|x86.Build.0 = Debug|Any CPU
		{2638CB55-5943-4411-AD3C-49EAD1B5C28D}.Release|Any CPU.ActiveCfg = Release|Any CPU
		{2638CB55-5943-4411-AD3C-49EAD1B5C28D}.Release|Any CPU.Build.0 = Release|Any CPU
		{2638CB55-5943-4411-AD3C-49EAD1B5C28D}.Release|x64.ActiveCfg = Release|Any CPU
		{2638CB55-5943-4411-AD3C-49EAD1B5C28D}.Release|x64.Build.0 = Release|Any CPU
		{2638CB55-5943-4411-AD3C-49EAD1B5C28D}.Release|x86.ActiveCfg = Release|Any CPU
		{2638CB55-5943-4411-AD3C-49EAD1B5C28D}.Release|x86.Build.0 = Release|Any CPU
	EndGlobalSection
	GlobalSection(SolutionProperties) = preSolution
		HideSolutionNode = FALSE
	EndGlobalSection
EndGlobal
